
Microsoft Visual Studio Solution File, Format Version 12.00
# Visual Studio Version 17
VisualStudioVersion = 17.4.33122.133
MinimumVisualStudioVersion = 10.0.40219.1
Project("{FAE04EC0-301F-11D3-BF4B-00C04F79EFBC}") = "SandPump", "SandPump\SandPump.csproj", "{816DB70E-1123-458B-BA1A-5ADF5451789A}"
EndProject
Global
	GlobalSection(SolutionConfigurationPlatforms) = preSolution
		Debug|Any CPU = Debug|Any CPU
		Release|Any CPU = Release|Any CPU
	EndGlobalSection
	GlobalSection(ProjectConfigurationPlatforms) = postSolution
		{816DB70E-1123-458B-BA1A-5ADF5451789A}.Debug|Any CPU.ActiveCfg = Debug|Any CPU
		{816DB70E-1123-458B-BA1A-5ADF5451789A}.Debug|Any CPU.Build.0 = Debug|Any CPU
		{816DB70E-1123-458B-BA1A-5ADF5451789A}.Release|Any CPU.ActiveCfg = Release|Any CPU
		{816DB70E-1123-458B-BA1A-5ADF5451789A}.Release|Any CPU.Build.0 = Release|Any CPU
	EndGlobalSection
	GlobalSection(SolutionProperties) = preSolution
		HideSolutionNode = FALSE
	EndGlobalSection
	GlobalSection(ExtensibilityGlobals) = postSolution
		SolutionGuid = {18582CB2-65A8-4C9B-A4EC-D8972E366820}
	EndGlobalSection
EndGlobal
